
Microsoft Visual Studio Solution File, Format Version 12.00
# Visual Studio Version 17
VisualStudioVersion = 17.0.31903.59
MinimumVisualStudioVersion = 10.0.40219.1
Project("{FAE04EC0-301F-11D3-BF4B-00C04F79EFBC}") = "SendEmail", "SendEmail\SendEmail.csproj", "{04E6CA91-D804-49B1-84B5-C6211961796E}"
EndProject
Global
	GlobalSection(SolutionConfigurationPlatforms) = preSolution
		Debug|Any CPU = Debug|Any CPU
		Release|Any CPU = Release|Any CPU
	EndGlobalSection
	GlobalSection(ProjectConfigurationPlatforms) = postSolution
		{04E6CA91-D804-49B1-84B5-C6211961796E}.Debug|Any CPU.ActiveCfg = Debug|Any CPU
		{04E6CA91-D804-49B1-84B5-C6211961796E}.Debug|Any CPU.Build.0 = Debug|Any CPU
		{04E6CA91-D804-49B1-84B5-C6211961796E}.Release|Any CPU.ActiveCfg = Release|Any CPU
		{04E6CA91-D804-49B1-84B5-C6211961796E}.Release|Any CPU.Build.0 = Release|Any CPU
	EndGlobalSection
	GlobalSection(SolutionProperties) = preSolution
		HideSolutionNode = FALSE
	EndGlobalSection
	GlobalSection(ExtensibilityGlobals) = postSolution
		SolutionGuid = {91D4F1A7-2573-4E78-806D-F098EC662AC1}
	EndGlobalSection
EndGlobal
